{
  "name": "string-reverse-nodepack",
  "version": "1.0.0",
  "lockfileVersion": 3,
  "requires": true,
  "packages": {
    "": {
      "name": "string-reverse-nodepack",
      "version": "1.0.0",
      "license": "ISC",
      "dependencies": {
        "string-reverse-nodepack": "^1.0.0"
      }
    },
    "node_modules/string-reverse-nodepack": {
      "version": "1.0.0",
      "resolved": "https://registry.npmjs.org/string-reverse-nodepack/-/string-reverse-nodepack-1.0.0.tgz",
      "integrity": "sha512-TsFweaO6FNrkTAAnYbacH2HROATK3OEgcXHu61RHdaVkAnurgrTZs6SF+SmGNSc698O5nEtH0bwOiFt5SopudA=="
    }
  }
}
